
Microsoft Visual Studio Solution File, Format Version 12.00
# Visual Studio 15
Project("{FAE04EC0-301F-11D3-BF4B-00C04F79EFBC}") = "VonkDocumentOperation", "VonkDocumentOperation\VonkDocumentOperation.csproj", "{234F788D-2198-4BD1-88DA-509F50B86AEE}"
EndProject
Global
	GlobalSection(SolutionConfigurationPlatforms) = preSolution
		Debug|Any CPU = Debug|Any CPU
		Release|Any CPU = Release|Any CPU
	EndGlobalSection
	GlobalSection(ProjectConfigurationPlatforms) = postSolution
		{234F788D-2198-4BD1-88DA-509F50B86AEE}.Debug|Any CPU.ActiveCfg = Debug|Any CPU
		{234F788D-2198-4BD1-88DA-509F50B86AEE}.Debug|Any CPU.Build.0 = Debug|Any CPU
		{234F788D-2198-4BD1-88DA-509F50B86AEE}.Release|Any CPU.ActiveCfg = Release|Any CPU
		{234F788D-2198-4BD1-88DA-509F50B86AEE}.Release|Any CPU.Build.0 = Release|Any CPU
	EndGlobalSection
EndGlobal
